
Microsoft Visual Studio Solution File, Format Version 12.00
# Visual Studio Version 17
VisualStudioVersion = 17.3.32825.248
MinimumVisualStudioVersion = 10.0.40219.1
Project("{9A19103F-16F7-4668-BE54-9A1E7A4F7556}") = "CHAT", "CHAT\CHAT.csproj", "{0B158C7D-58E8-4B3E-85B1-E3013DD5F65E}"
EndProject
Global
	GlobalSection(SolutionConfigurationPlatforms) = preSolution
		Debug|Any CPU = Debug|Any CPU
		Release|Any CPU = Release|Any CPU
	EndGlobalSection
	GlobalSection(ProjectConfigurationPlatforms) = postSolution
		{0B158C7D-58E8-4B3E-85B1-E3013DD5F65E}.Debug|Any CPU.ActiveCfg = Debug|Any CPU
		{0B158C7D-58E8-4B3E-85B1-E3013DD5F65E}.Debug|Any CPU.Build.0 = Debug|Any CPU
		{0B158C7D-58E8-4B3E-85B1-E3013DD5F65E}.Release|Any CPU.ActiveCfg = Release|Any CPU
		{0B158C7D-58E8-4B3E-85B1-E3013DD5F65E}.Release|Any CPU.Build.0 = Release|Any CPU
	EndGlobalSection
	GlobalSection(SolutionProperties) = preSolution
		HideSolutionNode = FALSE
	EndGlobalSection
	GlobalSection(ExtensibilityGlobals) = postSolution
		SolutionGuid = {6553B4AB-E456-4361-9E16-AD8BC05893E9}
	EndGlobalSection
EndGlobal
